
Microsoft Visual Studio Solution File, Format Version 12.00
# Visual Studio Version 16
VisualStudioVersion = 16.0.30621.155
MinimumVisualStudioVersion = 10.0.40219.1
Project("{8BC9CEB8-8B4A-11D0-8D11-00A0C91BC942}") = "Program", "Program\Program.vcxproj", "{F810DBE4-152F-4BFF-B68F-6BAA922168E6}"
EndProject
Project("{8BC9CEB8-8B4A-11D0-8D11-00A0C91BC942}") = "UnitTest", "UnitTest\UnitTest.vcxproj", "{10D96411-FD02-469A-905D-2730E2AE0372}"
EndProject
Global
	GlobalSection(SolutionConfigurationPlatforms) = preSolution
		Debug|x64 = Debug|x64
		Debug|x86 = Debug|x86
		Release|x64 = Release|x64
		Release|x86 = Release|x86
	EndGlobalSection
	GlobalSection(ProjectConfigurationPlatforms) = postSolution
		{F810DBE4-152F-4BFF-B68F-6BAA922168E6}.Debug|x64.ActiveCfg = Debug|x64
		{F810DBE4-152F-4BFF-B68F-6BAA922168E6}.Debug|x64.Build.0 = Debug|x64
		{F810DBE4-152F-4BFF-B68F-6BAA922168E6}.Debug|x86.ActiveCfg = Debug|Win32
		{F810DBE4-152F-4BFF-B68F-6BAA922168E6}.Debug|x86.Build.0 = Debug|Win32
		{F810DBE4-152F-4BFF-B68F-6BAA922168E6}.Release|x64.ActiveCfg = Release|x64
		{F810DBE4-152F-4BFF-B68F-6BAA922168E6}.Release|x64.Build.0 = Release|x64
		{F810DBE4-152F-4BFF-B68F-6BAA922168E6}.Release|x86.ActiveCfg = Release|Win32
		{F810DBE4-152F-4BFF-B68F-6BAA922168E6}.Release|x86.Build.0 = Release|Win32
		{10D96411-FD02-469A-905D-2730E2AE0372}.Debug|x64.ActiveCfg = Debug|x64
		{10D96411-FD02-469A-905D-2730E2AE0372}.Debug|x64.Build.0 = Debug|x64
		{10D96411-FD02-469A-905D-2730E2AE0372}.Debug|x86.ActiveCfg = Debug|Win32
		{10D96411-FD02-469A-905D-2730E2AE0372}.Debug|x86.Build.0 = Debug|Win32
		{10D96411-FD02-469A-905D-2730E2AE0372}.Release|x64.ActiveCfg = Release|x64
		{10D96411-FD02-469A-905D-2730E2AE0372}.Release|x64.Build.0 = Release|x64
		{10D96411-FD02-469A-905D-2730E2AE0372}.Release|x86.ActiveCfg = Release|Win32
		{10D96411-FD02-469A-905D-2730E2AE0372}.Release|x86.Build.0 = Release|Win32
	EndGlobalSection
	GlobalSection(SolutionProperties) = preSolution
		HideSolutionNode = FALSE
	EndGlobalSection
	GlobalSection(ExtensibilityGlobals) = postSolution
		SolutionGuid = {2D4BB191-A858-41AC-B3A6-12AC764C48A0}
	EndGlobalSection
EndGlobal
